
Microsoft Visual Studio Solution File, Format Version 12.00
# Visual Studio Version 17
VisualStudioVersion = 17.8.34309.116
MinimumVisualStudioVersion = 10.0.40219.1
Project("{FAE04EC0-301F-11D3-BF4B-00C04F79EFBC}") = "Astonia-Resurgence-Unpacker", "Astonia-Resurgence-Unpacker.csproj", "{44FE479D-B709-44E7-A237-4AEB7B8825AA}"
EndProject
Global
	GlobalSection(SolutionConfigurationPlatforms) = preSolution
		Debug|Any CPU = Debug|Any CPU
		Release|Any CPU = Release|Any CPU
	EndGlobalSection
	GlobalSection(ProjectConfigurationPlatforms) = postSolution
		{44FE479D-B709-44E7-A237-4AEB7B8825AA}.Debug|Any CPU.ActiveCfg = Debug|Any CPU
		{44FE479D-B709-44E7-A237-4AEB7B8825AA}.Debug|Any CPU.Build.0 = Debug|Any CPU
		{44FE479D-B709-44E7-A237-4AEB7B8825AA}.Release|Any CPU.ActiveCfg = Release|Any CPU
		{44FE479D-B709-44E7-A237-4AEB7B8825AA}.Release|Any CPU.Build.0 = Release|Any CPU
	EndGlobalSection
	GlobalSection(SolutionProperties) = preSolution
		HideSolutionNode = FALSE
	EndGlobalSection
	GlobalSection(ExtensibilityGlobals) = postSolution
		SolutionGuid = {F44B9CE4-A10F-422B-A7CA-901FDFA09C8E}
	EndGlobalSection
EndGlobal
